
Microsoft Visual Studio Solution File, Format Version 12.00
# Visual Studio Version 17
VisualStudioVersion = 17.14.36623.8 d17.14
MinimumVisualStudioVersion = 10.0.40219.1
Project("{FAE04EC0-301F-11D3-BF4B-00C04F79EFBC}") = "RUSAL.MetalTapping", "RUSAL.MetalTapping\RUSAL.MetalTapping.csproj", "{EC987858-457D-4C83-AFE8-182EFE2EF486}"
EndProject
Project("{FAE04EC0-301F-11D3-BF4B-00C04F79EFBC}") = "RUSAL.MetalTapping.DAL", "RUSAL.MetalTapping.DAL\RUSAL.MetalTapping.DAL.csproj", "{9C8620BD-37C9-4060-AB66-81834CD32591}"
EndProject
Project("{FAE04EC0-301F-11D3-BF4B-00C04F79EFBC}") = "RUSAL.MetalTapping.BLL", "RUSAL.MetalTapping.BLL\RUSAL.MetalTapping.BLL.csproj", "{2691258C-3429-457D-BBE2-AE21739A24CC}"
EndProject
Global
	GlobalSection(SolutionConfigurationPlatforms) = preSolution
		Debug|Any CPU = Debug|Any CPU
		Release|Any CPU = Release|Any CPU
	EndGlobalSection
	GlobalSection(ProjectConfigurationPlatforms) = postSolution
		{EC987858-457D-4C83-AFE8-182EFE2EF486}.Debug|Any CPU.ActiveCfg = Debug|Any CPU
		{EC987858-457D-4C83-AFE8-182EFE2EF486}.Debug|Any CPU.Build.0 = Debug|Any CPU
		{EC987858-457D-4C83-AFE8-182EFE2EF486}.Release|Any CPU.ActiveCfg = Release|Any CPU
		{EC987858-457D-4C83-AFE8-182EFE2EF486}.Release|Any CPU.Build.0 = Release|Any CPU
		{9C8620BD-37C9-4060-AB66-81834CD32591}.Debug|Any CPU.ActiveCfg = Debug|Any CPU
		{9C8620BD-37C9-4060-AB66-81834CD32591}.Debug|Any CPU.Build.0 = Debug|Any CPU
		{9C8620BD-37C9-4060-AB66-81834CD32591}.Release|Any CPU.ActiveCfg = Release|Any CPU
		{9C8620BD-37C9-4060-AB66-81834CD32591}.Release|Any CPU.Build.0 = Release|Any CPU
		{2691258C-3429-457D-BBE2-AE21739A24CC}.Debug|Any CPU.ActiveCfg = Debug|Any CPU
		{2691258C-3429-457D-BBE2-AE21739A24CC}.Debug|Any CPU.Build.0 = Debug|Any CPU
		{2691258C-3429-457D-BBE2-AE21739A24CC}.Release|Any CPU.ActiveCfg = Release|Any CPU
		{2691258C-3429-457D-BBE2-AE21739A24CC}.Release|Any CPU.Build.0 = Release|Any CPU
	EndGlobalSection
	GlobalSection(SolutionProperties) = preSolution
		HideSolutionNode = FALSE
	EndGlobalSection
	GlobalSection(ExtensibilityGlobals) = postSolution
		SolutionGuid = {5C48B7B7-391F-4D0A-9931-0C43BD6EE173}
	EndGlobalSection
EndGlobal
